{
  "name": "radio-bot",
  "version": "1.0.0",
  "lockfileVersion": 3,
  "engines": {
    "node": ">=18"
  },
  "requires": true,
  "packages": {
    "": {
      "name": "radio-bot",
      "version": "1.0.0",
      "dependencies": {
        "@discordjs/builders": "...",
        "@discordjs/rest": "...",
        "@discordjs/voice": "...",
        "axios": "...",
        "discord-api-types": "...",
        "discord.js": "...",
        "dotenv": "^16.3.1",
        "ioredis": "...",
        "node-cron": "...",
        "node-fetch": "...",
        "rss-parser": "..."
      }
    },
    "...": {},
    "node_modules/@discordjs/builders": {
      "resolved": "...",
      "link": true
    },
    "node_modules/@discordjs/rest": {
      "resolved": "...",
      "link": true
    },
    "node_modules/@discordjs/voice": {
      "resolved": "...",
      "link": true
    },
    "node_modules/axios": {
      "resolved": "...",
      "link": true
    },
    "node_modules/discord-api-types": {
      "resolved": "...",
      "link": true
    },
    "node_modules/discord.js": {
      "resolved": "...",
      "link": true
    },
    "node_modules/dotenv": {
      "version": "16.3.1",
      "resolved": "https://registry.npmjs.org/dotenv/-/dotenv-16.3.1.tgz",
      "integrity": "sha512-SomeHashPlaceholder",
      "bin": {
        "dotenv": "config.js"
      }
    },
    "node_modules/ioredis": {
      "resolved": "...",
      "link": true
    },
    "node_modules/node-cron": {
      "resolved": "...",
      "link": true
    },
    "node_modules/node-fetch": {
      "resolved": "...",
      "link": true
    },
    "node_modules/rss-parser": {
      "resolved": "...",
      "link": true
    }
  }
}
