{
  "name": "radio-bot",
  "version": "1.0.0",
  "lockfileVersion": 3,
  "engines": {
    "node": ">=18"
  },
  "requires": true,
  "packages": {
    "": {
      "name": "radio-bot",
      "version": "1.0.0",
      "dependencies": {
        "@discordjs/builders": "^1.11.2",
        "@discordjs/rest": "^2.5.0",
        "@discordjs/voice": "^0.18.0",
        "axios": "^1.6.7",
        "discord-api-types": "^0.38.11",
        "discord.js": "^14.13.0",
        "dotenv": "^16.3.1",
        "ioredis": "^5.6.1",
        "node-cron": "^4.1.0",
        "node-fetch": "^3.3.2",
        "rss-parser": "^3.13.0"
      }
    },
    "...": {},
    "node_modules/@discordjs/builders": {
      "resolved": "...",
      "link": true
    },
    "node_modules/@discordjs/rest": {
      "resolved": "...",
      "link": true
    },
    "node_modules/@discordjs/voice": {
      "resolved": "...",
      "link": true
    },
    "node_modules/axios": {
      "resolved": "...",
      "link": true
    },
    "node_modules/discord-api-types": {
      "resolved": "...",
      "link": true
    },
    "node_modules/discord.js": {
      "resolved": "...",
      "link": true
    },
    "node_modules/dotenv": {
      "version": "16.3.1",
      "resolved": "https://registry.npmjs.org/dotenv/-/dotenv-16.3.1.tgz",
      "integrity": "sha512-SomeHashPlaceholder",
      "bin": {
        "dotenv": "config.js"
      }
    },
    "node_modules/ioredis": {
      "resolved": "...",
      "link": true
    },
    "node_modules/node-cron": {
      "resolved": "...",
      "link": true
    },
    "node_modules/node-fetch": {
      "resolved": "...",
      "link": true
    },
    "node_modules/rss-parser": {
      "resolved": "...",
      "link": true
    }
  }
}
