{
  "name": "radio-bot",
  "version": "1.0.0",
  "lockfileVersion": 3,
  "requires": true,
  "packages": {
    "": {
      "name": "radio-bot",
      "version": "1.0.0",
      "dependencies": {
        "@discordjs/builders": "...",
        "@discordjs/rest": "...",
        "@discordjs/voice": "...",
        "axios": "...",
        "discord-api-types": "...",
        "discord.js": "...",
        "dotenv": "^16.3.1",
        "ioredis": "...",
        "node-cron": "...",
        "node-fetch": "...",
        "rss-parser": "..."
      },
      "engines": {
        "node": ">=18"
      }
    },
    "...": {},
    "node_modules/@discordjs/builders": {
      "resolved": "...",
      "link": true
    },
    "node_modules/@discordjs/rest": {
      "resolved": "...",
      "link": true
    },
    "node_modules/@discordjs/voice": {
      "resolved": "...",
      "link": true
    },
    "node_modules/axios": {
      "resolved": "...",
      "link": true
    },
    "node_modules/discord-api-types": {
      "resolved": "...",
      "link": true
    },
    "node_modules/discord.js": {
      "resolved": "...",
      "link": true
    },
    "node_modules/dotenv": {
      "version": "16.5.0",
      "resolved": "https://registry.npmjs.org/dotenv/-/dotenv-16.5.0.tgz",
      "integrity": "sha512-m/C+AwOAr9/W1UOIZUo232ejMNnJAJtYQjUbHoNTBNTJSvqzzDh7vnrei3o3r3m9blf6ZoDkvcw0VmozNRFJxg==",
      "license": "BSD-2-Clause",
      "engines": {
        "node": ">=12"
      },
      "funding": {
        "url": "https://dotenvx.com"
      }
    },
    "node_modules/ioredis": {
      "resolved": "...",
      "link": true
    },
    "node_modules/node-cron": {
      "resolved": "...",
      "link": true
    },
    "node_modules/node-fetch": {
      "resolved": "...",
      "link": true
    },
    "node_modules/rss-parser": {
      "resolved": "...",
      "link": true
    }
  }
}
